
Microsoft Visual Studio Solution File, Format Version 12.00
# Visual Studio Version 16
VisualStudioVersion = 16.0.30907.101
MinimumVisualStudioVersion = 10.0.40219.1
Project("{FAE04EC0-301F-11D3-BF4B-00C04F79EFBC}") = "Calculator", "Kalkulator\Calculator.csproj", "{98DF3880-6FA0-4433-9D0D-AFFDF9CE54F9}"
EndProject
Global
	GlobalSection(SolutionConfigurationPlatforms) = preSolution
		Debug|Any CPU = Debug|Any CPU
		Release|Any CPU = Release|Any CPU
	EndGlobalSection
	GlobalSection(ProjectConfigurationPlatforms) = postSolution
		{98DF3880-6FA0-4433-9D0D-AFFDF9CE54F9}.Debug|Any CPU.ActiveCfg = Debug|Any CPU
		{98DF3880-6FA0-4433-9D0D-AFFDF9CE54F9}.Debug|Any CPU.Build.0 = Debug|Any CPU
		{98DF3880-6FA0-4433-9D0D-AFFDF9CE54F9}.Release|Any CPU.ActiveCfg = Release|Any CPU
		{98DF3880-6FA0-4433-9D0D-AFFDF9CE54F9}.Release|Any CPU.Build.0 = Release|Any CPU
	EndGlobalSection
	GlobalSection(SolutionProperties) = preSolution
		HideSolutionNode = FALSE
	EndGlobalSection
	GlobalSection(ExtensibilityGlobals) = postSolution
		SolutionGuid = {74564E8F-F1A0-44FE-8059-F9607E92BE95}
	EndGlobalSection
EndGlobal
